# This file is automatically @generated by Cargo.
# It is not intended for manual editing.
version = 3

[[package]]
name = "adler"
version = "1.0.2"
source = "registry+https://github.com/rust-lang/crates.io-index"
checksum = "f26201604c87b1e01bd3d98f8d5d9a8fcbb815e8cedb41ffccbeb4bf593a35fe"

[[package]]
name = "adler32"
version = "1.2.0"
source = "registry+https://github.com/rust-lang/crates.io-index"
checksum = "aae1277d39aeec15cb388266ecc24b11c80469deae6067e17a1a7aa9e5c1f234"

[[package]]
name = "ahash"
version = "0.4.7"
source = "registry+https://github.com/rust-lang/crates.io-index"
checksum = "739f4a8db6605981345c5654f3a85b056ce52f37a39d34da03f25bf2151ea16e"

[[package]]
name = "ahash"
version = "0.7.6"
source = "registry+https://github.com/rust-lang/crates.io-index"
checksum = "fcb51a0695d8f838b1ee009b3fbf66bda078cd64590202a864a8f3e8c4315c47"
dependencies = [
 "getrandom",
 "once_cell",
 "serde",
 "version_check",
]

[[package]]
name = "aho-corasick"
version = "0.7.18"
source = "registry+https://github.com/rust-lang/crates.io-index"
checksum = "1e37cfd5e7657ada45f742d6e99ca5788580b5c529dc78faf11ece6dc702656f"
dependencies = [
 "memchr",
]

[[package]]
name = "ansi_colours"
version = "1.0.4"
source = "registry+https://github.com/rust-lang/crates.io-index"
checksum = "60e2fb6138a49ad9f1cb3c6d8f8ccbdd5e62b4dab317c1b435a47ecd7da1d28f"
dependencies = [
 "cc",
]

[[package]]
name = "ansi_term"
version = "0.11.0"
source = "registry+https://github.com/rust-lang/crates.io-index"
checksum = "ee49baf6cb617b853aa8d93bf420db2383fab46d314482ca2803b40d5fde979b"
dependencies = [
 "winapi",
]

[[package]]
name = "anyhow"
version = "1.0.45"
source = "registry+https://github.com/rust-lang/crates.io-index"
checksum = "ee10e43ae4a853c0a3591d4e2ada1719e553be18199d9da9d4a83f5927c2f5c7"

[[package]]
name = "argh"
version = "0.1.6"
source = "registry+https://github.com/rust-lang/crates.io-index"
checksum = "f023c76cd7975f9969f8e29f0e461decbdc7f51048ce43427107a3d192f1c9bf"
dependencies = [
 "argh_derive",
 "argh_shared",
]

[[package]]
name = "argh_derive"
version = "0.1.6"
source = "registry+https://github.com/rust-lang/crates.io-index"
checksum = "48ad219abc0c06ca788aface2e3a1970587e3413ab70acd20e54b6ec524c1f8f"
dependencies = [
 "argh_shared",
 "heck",
 "proc-macro2",
 "quote",
 "syn",
]

[[package]]
name = "argh_shared"
version = "0.1.6"
source = "registry+https://github.com/rust-lang/crates.io-index"
checksum = "38de00daab4eac7d753e97697066238d67ce9d7e2d823ab4f72fe14af29f3f33"

[[package]]
name = "atty"
version = "0.2.14"
source = "registry+https://github.com/rust-lang/crates.io-index"
checksum = "d9b39be18770d11421cdb1b9947a45dd3f37e93092cbf377614828a319d5fee8"
dependencies = [
 "hermit-abi",
 "libc",
 "winapi",
]

[[package]]
name = "autocfg"
version = "1.0.1"
source = "registry+https://github.com/rust-lang/crates.io-index"
checksum = "cdb031dd78e28731d87d56cc8ffef4a8f36ca26c38fe2de700543e627f8a464a"

[[package]]
name = "base64"
version = "0.13.0"
source = "registry+https://github.com/rust-lang/crates.io-index"
checksum = "904dfeac50f3cdaba28fc6f57fdcddb75f49ed61346676a78c4ffe55877802fd"

[[package]]
name = "bet"
version = "1.0.0"
source = "registry+https://github.com/rust-lang/crates.io-index"
checksum = "3e218e587658fb0b595e7d27c222a4caf56748a47644bc31483973d8dc6d8670"

[[package]]
name = "bincode"
version = "1.3.3"
source = "registry+https://github.com/rust-lang/crates.io-index"
checksum = "b1f45e9417d87227c7a56d22e471c6206462cba514c7590c09aff4cf6d1ddcad"
dependencies = [
 "serde",
]

[[package]]
name = "bitflags"
version = "1.3.2"
source = "registry+https://github.com/rust-lang/crates.io-index"
checksum = "bef38d45163c2f1dde094a7dfd33ccf595c92905c8f8f4fdc18d06fb1037718a"

[[package]]
name = "broot"
version = "1.9.1"
dependencies = [
 "ahash 0.7.6",
 "ansi_colours",
 "base64",
 "bet",
 "char_reader",
 "chrono",
 "clap",
 "cli-log 2.0.0",
 "crossbeam",
 "crossterm 0.22.1",
 "custom_error",
 "deser-hjson",
 "directories",
 "file-size",
 "fnv",
 "git2",
 "glassbench",
 "glob",
 "id-arena",
 "image",
 "is_executable",
 "lazy-regex",
 "lfs-core",
 "libc",
 "memmap",
 "once_cell",
 "open 2.0.1",
 "pathdiff",
 "phf",
 "rayon",
 "regex",
 "secular",
 "serde",
 "smallvec",
 "splitty",
 "strict",
 "syntect",
 "tempfile",
 "termimad 0.20.0",
 "terminal-clipboard",
 "toml",
 "umask",
 "unicode-width",
 "users",
 "xterm-query",
]

[[package]]
name = "bstr"
version = "0.2.17"
source = "registry+https://github.com/rust-lang/crates.io-index"
checksum = "ba3569f383e8f1598449f1a423e72e99569137b47740b1da11ef19af3d5c3223"
dependencies = [
 "lazy_static",
 "memchr",
 "regex-automata",
 "serde",
]

[[package]]
name = "bytemuck"
version = "1.7.2"
source = "registry+https://github.com/rust-lang/crates.io-index"
checksum = "72957246c41db82b8ef88a5486143830adeb8227ef9837740bdec67724cf2c5b"

[[package]]
name = "byteorder"
version = "1.4.3"
source = "registry+https://github.com/rust-lang/crates.io-index"
checksum = "14c189c53d098945499cdfa7ecc63567cf3886b3332b312a5b4585d8d3a6a610"

[[package]]
name = "cc"
version = "1.0.72"
source = "registry+https://github.com/rust-lang/crates.io-index"
checksum = "22a9137b95ea06864e018375b72adfb7db6e6f68cfc8df5a04d00288050485ee"
dependencies = [
 "jobserver",
]

[[package]]
name = "cfg-if"
version = "1.0.0"
source = "registry+https://github.com/rust-lang/crates.io-index"
checksum = "baf1de4339761588bc0619e3cbc0120ee582ebb74b53b4efbf79117bd2da40fd"

[[package]]
name = "char_reader"
version = "0.1.1"
source = "registry+https://github.com/rust-lang/crates.io-index"
checksum = "37a59b22dec21ca7d6c173bd543eeab4cd2f36cf21f039a4134905034c87ed3a"

[[package]]
name = "chrono"
version = "0.4.19"
source = "registry+https://github.com/rust-lang/crates.io-index"
checksum = "670ad68c9088c2a963aaa298cb369688cf3f9465ce5e2d4ca10e6e0098a1ce73"
dependencies = [
 "libc",
 "num-integer",
 "num-traits",
 "serde",
 "time 0.1.43",
 "winapi",
]

[[package]]
name = "clap"
version = "2.33.3"
source = "registry+https://github.com/rust-lang/crates.io-index"
checksum = "37e58ac78573c40708d45522f0d80fa2f01cc4f9b4e2bf749807255454312002"
dependencies = [
 "ansi_term",
 "atty",
 "bitflags",
 "strsim",
 "textwrap",
 "unicode-width",
 "vec_map",
]

[[package]]
name = "cli-log"
version = "0.1.0"
source = "registry+https://github.com/rust-lang/crates.io-index"
checksum = "f47673f2992075892b3e983499410c92af91a7d7cee72cf55ec4caea278de6cf"
dependencies = [
 "chrono",
 "log",
]

[[package]]
name = "cli-log"
version = "2.0.0"
source = "registry+https://github.com/rust-lang/crates.io-index"
checksum = "3d2ab00dc4c82ec28af25ac085aecc11ffeabf353755715a3113a7aa044ca5cc"
dependencies = [
 "chrono",
 "file-size",
 "log",
 "proc-status",
]

[[package]]
name = "clipboard-win"
version = "4.2.2"
source = "registry+https://github.com/rust-lang/crates.io-index"
checksum = "3db8340083d28acb43451166543b98c838299b7e0863621be53a338adceea0ed"
dependencies = [
 "error-code",
 "str-buf",
 "winapi",
]

[[package]]
name = "color_quant"
version = "1.1.0"
source = "registry+https://github.com/rust-lang/crates.io-index"
checksum = "3d7b894f5411737b7867f4827955924d7c254fc9f4d91a6aad6b097804b1018b"

[[package]]
name = "coolor"
version = "0.3.1"
source = "registry+https://github.com/rust-lang/crates.io-index"
checksum = "b78645ef095d812eecfa830f67e35394314e31be71fdba59543274542c950013"
dependencies = [
 "ansi_colours",
 "crossterm 0.22.1",
]

[[package]]
name = "crc32fast"
version = "1.2.1"
source = "registry+https://github.com/rust-lang/crates.io-index"
checksum = "81156fece84ab6a9f2afdb109ce3ae577e42b1228441eded99bd77f627953b1a"
dependencies = [
 "cfg-if",
]

[[package]]
name = "crossbeam"
version = "0.8.1"
source = "registry+https://github.com/rust-lang/crates.io-index"
checksum = "4ae5588f6b3c3cb05239e90bd110f257254aecd01e4635400391aeae07497845"
dependencies = [
 "cfg-if",
 "crossbeam-channel",
 "crossbeam-deque",
 "crossbeam-epoch",
 "crossbeam-queue",
 "crossbeam-utils",
]

[[package]]
name = "crossbeam-channel"
version = "0.5.1"
source = "registry+https://github.com/rust-lang/crates.io-index"
checksum = "06ed27e177f16d65f0f0c22a213e17c696ace5dd64b14258b52f9417ccb52db4"
dependencies = [
 "cfg-if",
 "crossbeam-utils",
]

[[package]]
name = "crossbeam-deque"
version = "0.8.1"
source = "registry+https://github.com/rust-lang/crates.io-index"
checksum = "6455c0ca19f0d2fbf751b908d5c55c1f5cbc65e03c4225427254b46890bdde1e"
dependencies = [
 "cfg-if",
 "crossbeam-epoch",
 "crossbeam-utils",
]

[[package]]
name = "crossbeam-epoch"
version = "0.9.5"
source = "registry+https://github.com/rust-lang/crates.io-index"
checksum = "4ec02e091aa634e2c3ada4a392989e7c3116673ef0ac5b72232439094d73b7fd"
dependencies = [
 "cfg-if",
 "crossbeam-utils",
 "lazy_static",
 "memoffset",
 "scopeguard",
]

[[package]]
name = "crossbeam-queue"
version = "0.3.2"
source = "registry+https://github.com/rust-lang/crates.io-index"
checksum = "9b10ddc024425c88c2ad148c1b0fd53f4c6d38db9697c9f1588381212fa657c9"
dependencies = [
 "cfg-if",
 "crossbeam-utils",
]

[[package]]
name = "crossbeam-utils"
version = "0.8.5"
source = "registry+https://github.com/rust-lang/crates.io-index"
checksum = "d82cfc11ce7f2c3faef78d8a684447b40d503d9681acebed6cb728d45940c4db"
dependencies = [
 "cfg-if",
 "lazy_static",
]

[[package]]
name = "crossterm"
version = "0.19.0"
source = "registry+https://github.com/rust-lang/crates.io-index"
checksum = "7c36c10130df424b2f3552fcc2ddcd9b28a27b1e54b358b45874f88d1ca6888c"
dependencies = [
 "bitflags",
 "crossterm_winapi 0.7.0",
 "lazy_static",
 "libc",
 "mio",
 "parking_lot",
 "signal-hook 0.1.17",
 "winapi",
]

[[package]]
name = "crossterm"
version = "0.22.1"
source = "registry+https://github.com/rust-lang/crates.io-index"
checksum = "c85525306c4291d1b73ce93c8acf9c339f9b213aef6c1d85c3830cbf1c16325c"
dependencies = [
 "bitflags",
 "crossterm_winapi 0.9.0",
 "libc",
 "mio",
 "parking_lot",
 "signal-hook 0.3.10",
 "signal-hook-mio",
 "winapi",
]

[[package]]
name = "crossterm_winapi"
version = "0.7.0"
source = "registry+https://github.com/rust-lang/crates.io-index"
checksum = "0da8964ace4d3e4a044fd027919b2237000b24315a37c916f61809f1ff2140b9"
dependencies = [
 "winapi",
]

[[package]]
name = "crossterm_winapi"
version = "0.9.0"
source = "registry+https://github.com/rust-lang/crates.io-index"
checksum = "2ae1b35a484aa10e07fe0638d02301c5ad24de82d310ccbd2f3693da5f09bf1c"
dependencies = [
 "winapi",
]

[[package]]
name = "csv"
version = "1.1.6"
source = "registry+https://github.com/rust-lang/crates.io-index"
checksum = "22813a6dc45b335f9bade10bf7271dc477e81113e89eb251a0bc2a8a81c536e1"
dependencies = [
 "bstr",
 "csv-core",
 "itoa",
 "ryu",
 "serde",
]

[[package]]
name = "csv-core"
version = "0.1.10"
source = "registry+https://github.com/rust-lang/crates.io-index"
checksum = "2b2466559f260f48ad25fe6317b3c8dac77b5bdb5763ac7d9d6103530663bc90"
dependencies = [
 "memchr",
]

[[package]]
name = "csv2svg"
version = "0.1.5"
source = "registry+https://github.com/rust-lang/crates.io-index"
checksum = "f1b29b8c39dc8a008d498bed2fa5a8ba779eee1d3f2c25fa25380fa109912ca3"
dependencies = [
 "anyhow",
 "argh",
 "chrono",
 "cli-log 0.1.0",
 "csv",
 "directories-next",
 "libc",
 "log",
 "num-traits",
 "open 1.7.1",
 "svg",
 "tempfile",
]

[[package]]
name = "custom_error"
version = "1.9.2"
source = "registry+https://github.com/rust-lang/crates.io-index"
checksum = "4f8a51dd197fa6ba5b4dc98a990a43cc13693c23eb0089ebb0fcc1f04152bca6"

[[package]]
name = "deflate"
version = "0.8.6"
source = "registry+https://github.com/rust-lang/crates.io-index"
checksum = "73770f8e1fe7d64df17ca66ad28994a0a623ea497fa69486e14984e715c5d174"
dependencies = [
 "adler32",
 "byteorder",
]

[[package]]
name = "deser-hjson"
version = "1.0.2"
source = "registry+https://github.com/rust-lang/crates.io-index"
checksum = "1f486ff51f3ecdf9364736375a4b358b6eb9f02555d5324fa4837c00b5aa23f5"
dependencies = [
 "serde",
]

[[package]]
name = "directories"
version = "3.0.2"
source = "registry+https://github.com/rust-lang/crates.io-index"
checksum = "e69600ff1703123957937708eb27f7a564e48885c537782722ed0ba3189ce1d7"
dependencies = [
 "dirs-sys",
]

[[package]]
name = "directories-next"
version = "2.0.0"
source = "registry+https://github.com/rust-lang/crates.io-index"
checksum = "339ee130d97a610ea5a5872d2bbb130fdf68884ff09d3028b81bec8a1ac23bbc"
dependencies = [
 "cfg-if",
 "dirs-sys-next",
]

[[package]]
name = "dirs-sys"
version = "0.3.6"
source = "registry+https://github.com/rust-lang/crates.io-index"
checksum = "03d86534ed367a67548dc68113a0f5db55432fdfbb6e6f9d77704397d95d5780"
dependencies = [
 "libc",
 "redox_users",
 "winapi",
]

[[package]]
name = "dirs-sys-next"
version = "0.1.2"
source = "registry+https://github.com/rust-lang/crates.io-index"
checksum = "4ebda144c4fe02d1f7ea1a7d9641b6fc6b580adcfa024ae48797ecdeb6825b4d"
dependencies = [
 "libc",
 "redox_users",
 "winapi",
]

[[package]]
name = "either"
version = "1.6.1"
source = "registry+https://github.com/rust-lang/crates.io-index"
checksum = "e78d4f1cc4ae33bbfc157ed5d5a5ef3bc29227303d595861deb238fcec4e9457"

[[package]]
name = "error-code"
version = "2.3.0"
source = "registry+https://github.com/rust-lang/crates.io-index"
checksum = "b5115567ac25674e0043e472be13d14e537f37ea8aa4bdc4aef0c89add1db1ff"
dependencies = [
 "libc",
 "str-buf",
]

[[package]]
name = "fallible-iterator"
version = "0.2.0"
source = "registry+https://github.com/rust-lang/crates.io-index"
checksum = "4443176a9f2c162692bd3d352d745ef9413eec5782a80d8fd6f8a1ac692a07f7"

[[package]]
name = "fallible-streaming-iterator"
version = "0.1.9"
source = "registry+https://github.com/rust-lang/crates.io-index"
checksum = "7360491ce676a36bf9bb3c56c1aa791658183a54d2744120f27285738d90465a"

[[package]]
name = "file-size"
version = "1.0.3"
source = "registry+https://github.com/rust-lang/crates.io-index"
checksum = "9544f10105d33957765016b8a9baea7e689bf1f0f2f32c2fa2f568770c38d2b3"

[[package]]
name = "flate2"
version = "1.0.22"
source = "registry+https://github.com/rust-lang/crates.io-index"
checksum = "1e6988e897c1c9c485f43b47a529cef42fde0547f9d8d41a7062518f1d8fc53f"
dependencies = [
 "cfg-if",
 "crc32fast",
 "libc",
 "miniz_oxide 0.4.4",
]

[[package]]
name = "fnv"
version = "1.0.7"
source = "registry+https://github.com/rust-lang/crates.io-index"
checksum = "3f9eec918d3f24069decb9af1554cad7c880e2da24a9afd88aca000531ab82c1"

[[package]]
name = "form_urlencoded"
version = "1.0.1"
source = "registry+https://github.com/rust-lang/crates.io-index"
checksum = "5fc25a87fa4fd2094bffb06925852034d90a17f0d1e05197d4956d3555752191"
dependencies = [
 "matches",
 "percent-encoding",
]

[[package]]
name = "getrandom"
version = "0.2.3"
source = "registry+https://github.com/rust-lang/crates.io-index"
checksum = "7fcd999463524c52659517fe2cea98493cfe485d10565e7b0fb07dbba7ad2753"
dependencies = [
 "cfg-if",
 "libc",
 "wasi",
]

[[package]]
name = "gif"
version = "0.11.3"
source = "registry+https://github.com/rust-lang/crates.io-index"
checksum = "c3a7187e78088aead22ceedeee99779455b23fc231fe13ec443f99bb71694e5b"
dependencies = [
 "color_quant",
 "weezl",
]

[[package]]
name = "git2"
version = "0.13.24"
source = "registry+https://github.com/rust-lang/crates.io-index"
checksum = "845e007a28f1fcac035715988a234e8ec5458fd825b20a20c7dec74237ef341f"
dependencies = [
 "bitflags",
 "libc",
 "libgit2-sys",
 "log",
 "url",
]

[[package]]
name = "glassbench"
version = "0.3.0"
source = "registry+https://github.com/rust-lang/crates.io-index"
checksum = "03f4871371c7f0624fc191afef849664776c4906614eee6a435a9abd89bd871f"
dependencies = [
 "base64",
 "chrono",
 "crossterm 0.19.0",
 "csv2svg",
 "git2",
 "lazy_static",
 "minimad 0.7.1",
 "open 1.7.1",
 "rusqlite",
 "serde",
 "serde_json",
 "svg",
 "tempfile",
 "termimad 0.10.3",
 "thiserror",
]

[[package]]
name = "glob"
version = "0.3.0"
source = "registry+https://github.com/rust-lang/crates.io-index"
checksum = "9b919933a397b79c37e33b77bb2aa3dc8eb6e165ad809e58ff75bc7db2e34574"

[[package]]
name = "hashbrown"
version = "0.9.1"
source = "registry+https://github.com/rust-lang/crates.io-index"
checksum = "d7afe4a420e3fe79967a00898cc1f4db7c8a49a9333a29f8a4bd76a253d5cd04"
dependencies = [
 "ahash 0.4.7",
]

[[package]]
name = "hashbrown"
version = "0.11.2"
source = "registry+https://github.com/rust-lang/crates.io-index"
checksum = "ab5ef0d4909ef3724cc8cce6ccc8572c5c817592e9285f5464f8e86f8bd3726e"

[[package]]
name = "hashlink"
version = "0.6.0"
source = "registry+https://github.com/rust-lang/crates.io-index"
checksum = "d99cf782f0dc4372d26846bec3de7804ceb5df083c2d4462c0b8d2330e894fa8"
dependencies = [
 "hashbrown 0.9.1",
]

[[package]]
name = "heck"
version = "0.3.3"
source = "registry+https://github.com/rust-lang/crates.io-index"
checksum = "6d621efb26863f0e9924c6ac577e8275e5e6b77455db64ffa6c65c904e9e132c"
dependencies = [
 "unicode-segmentation",
]

[[package]]
name = "hermit-abi"
version = "0.1.19"
source = "registry+https://github.com/rust-lang/crates.io-index"
checksum = "62b467343b94ba476dcb2500d242dadbb39557df889310ac77c5d99100aaac33"
dependencies = [
 "libc",
]

[[package]]
name = "id-arena"
version = "2.2.1"
source = "registry+https://github.com/rust-lang/crates.io-index"
checksum = "25a2bc672d1148e28034f176e01fffebb08b35768468cc954630da77a1449005"

[[package]]
name = "idna"
version = "0.2.3"
source = "registry+https://github.com/rust-lang/crates.io-index"
checksum = "418a0a6fab821475f634efe3ccc45c013f742efe03d853e8d3355d5cb850ecf8"
dependencies = [
 "matches",
 "unicode-bidi",
 "unicode-normalization",
]

[[package]]
name = "image"
version = "0.23.14"
source = "registry+https://github.com/rust-lang/crates.io-index"
checksum = "24ffcb7e7244a9bf19d35bf2883b9c080c4ced3c07a9895572178cdb8f13f6a1"
dependencies = [
 "bytemuck",
 "byteorder",
 "color_quant",
 "gif",
 "jpeg-decoder",
 "num-iter",
 "num-rational",
 "num-traits",
 "png",
 "scoped_threadpool",
 "tiff",
]

[[package]]
name = "indexmap"
version = "1.7.0"
source = "registry+https://github.com/rust-lang/crates.io-index"
checksum = "bc633605454125dec4b66843673f01c7df2b89479b32e0ed634e43a91cff62a5"
dependencies = [
 "autocfg",
 "hashbrown 0.11.2",
]

[[package]]
name = "instant"
version = "0.1.12"
source = "registry+https://github.com/rust-lang/crates.io-index"
checksum = "7a5bbe824c507c5da5956355e86a746d82e0e1464f65d862cc5e71da70e94b2c"
dependencies = [
 "cfg-if",
]

[[package]]
name = "is_executable"
version = "1.0.1"
source = "registry+https://github.com/rust-lang/crates.io-index"
checksum = "fa9acdc6d67b75e626ad644734e8bc6df893d9cd2a834129065d3dd6158ea9c8"
dependencies = [
 "winapi",
]

[[package]]
name = "itoa"
version = "0.4.8"
source = "registry+https://github.com/rust-lang/crates.io-index"
checksum = "b71991ff56294aa922b450139ee08b3bfc70982c6b2c7562771375cf73542dd4"

[[package]]
name = "jobserver"
version = "0.1.24"
source = "registry+https://github.com/rust-lang/crates.io-index"
checksum = "af25a77299a7f711a01975c35a6a424eb6862092cc2d6c72c4ed6cbc56dfc1fa"
dependencies = [
 "libc",
]

[[package]]
name = "jpeg-decoder"
version = "0.1.22"
source = "registry+https://github.com/rust-lang/crates.io-index"
checksum = "229d53d58899083193af11e15917b5640cd40b29ff475a1fe4ef725deb02d0f2"
dependencies = [
 "rayon",
]

[[package]]
name = "lazy-regex"
version = "2.2.2"
source = "registry+https://github.com/rust-lang/crates.io-index"
checksum = "919a16773ebf2de27e95fc58460110932e55bb0780e23aa51fa5a6b59c9e2b3d"
dependencies = [
 "lazy-regex-proc_macros",
 "once_cell",
 "regex",
]

[[package]]
name = "lazy-regex-proc_macros"
version = "2.2.2"
source = "registry+https://github.com/rust-lang/crates.io-index"
checksum = "5fbe6bf0a04af51c07976625d5007e75ed9b8b955befc21c77b3947733496e36"
dependencies = [
 "proc-macro2",
 "quote",
 "regex",
 "syn",
]

[[package]]
name = "lazy_static"
version = "1.4.0"
source = "registry+https://github.com/rust-lang/crates.io-index"
checksum = "e2abad23fbc42b3700f2f279844dc832adb2b2eb069b2df918f455c4e18cc646"

[[package]]
name = "lazycell"
version = "1.3.0"
source = "registry+https://github.com/rust-lang/crates.io-index"
checksum = "830d08ce1d1d941e6b30645f1a0eb5643013d835ce3779a5fc208261dbe10f55"

[[package]]
name = "lfs-core"
version = "0.4.2"
source = "registry+https://github.com/rust-lang/crates.io-index"
checksum = "ddf01952bd55b12b51fcd9eba796443b2009ce83d55a1eed3fa13c2f635c232c"
dependencies = [
 "lazy-regex",
 "libc",
 "thiserror",
]

[[package]]
name = "libc"
version = "0.2.107"
source = "registry+https://github.com/rust-lang/crates.io-index"
checksum = "fbe5e23404da5b4f555ef85ebed98fb4083e55a00c317800bc2a50ede9f3d219"

[[package]]
name = "libgit2-sys"
version = "0.12.25+1.3.0"
source = "registry+https://github.com/rust-lang/crates.io-index"
checksum = "8f68169ef08d6519b2fe133ecc637408d933c0174b23b80bb2f79828966fbaab"
dependencies = [
 "cc",
 "libc",
 "libz-sys",
 "pkg-config",
]

[[package]]
name = "libsqlite3-sys"
version = "0.20.1"
source = "registry+https://github.com/rust-lang/crates.io-index"
checksum = "64d31059f22935e6c31830db5249ba2b7ecd54fd73a9909286f0a67aa55c2fbd"
dependencies = [
 "cc",
 "pkg-config",
 "vcpkg",
]

[[package]]
name = "libz-sys"
version = "1.1.3"
source = "registry+https://github.com/rust-lang/crates.io-index"
checksum = "de5435b8549c16d423ed0c03dbaafe57cf6c3344744f1242520d59c9d8ecec66"
dependencies = [
 "cc",
 "libc",
 "pkg-config",
 "vcpkg",
]

[[package]]
name = "line-wrap"
version = "0.1.1"
source = "registry+https://github.com/rust-lang/crates.io-index"
checksum = "f30344350a2a51da54c1d53be93fade8a237e545dbcc4bdbe635413f2117cab9"
dependencies = [
 "safemem",
]

[[package]]
name = "linked-hash-map"
version = "0.5.4"
source = "registry+https://github.com/rust-lang/crates.io-index"
checksum = "7fb9b38af92608140b86b693604b9ffcc5824240a484d1ecd4795bacb2fe88f3"

[[package]]
name = "lock_api"
version = "0.4.5"
source = "registry+https://github.com/rust-lang/crates.io-index"
checksum = "712a4d093c9976e24e7dbca41db895dabcbac38eb5f4045393d17a95bdfb1109"
dependencies = [
 "scopeguard",
]

[[package]]
name = "log"
version = "0.4.14"
source = "registry+https://github.com/rust-lang/crates.io-index"
checksum = "51b9bbe6c47d51fc3e1a9b945965946b4c44142ab8792c50835a980d362c2710"
dependencies = [
 "cfg-if",
]

[[package]]
name = "matches"
version = "0.1.9"
source = "registry+https://github.com/rust-lang/crates.io-index"
checksum = "a3e378b66a060d48947b590737b30a1be76706c8dd7b8ba0f2fe3989c68a853f"

[[package]]
name = "memchr"
version = "2.4.1"
source = "registry+https://github.com/rust-lang/crates.io-index"
checksum = "308cc39be01b73d0d18f82a0e7b2a3df85245f84af96fdddc5d202d27e47b86a"

[[package]]
name = "memmap"
version = "0.7.0"
source = "registry+https://github.com/rust-lang/crates.io-index"
checksum = "6585fd95e7bb50d6cc31e20d4cf9afb4e2ba16c5846fc76793f11218da9c475b"
dependencies = [
 "libc",
 "winapi",
]

[[package]]
name = "memoffset"
version = "0.6.4"
source = "registry+https://github.com/rust-lang/crates.io-index"
checksum = "59accc507f1338036a0477ef61afdae33cde60840f4dfe481319ce3ad116ddf9"
dependencies = [
 "autocfg",
]

[[package]]
name = "minimad"
version = "0.7.1"
source = "registry+https://github.com/rust-lang/crates.io-index"
checksum = "c6176dd156ab0154ee95322efe2da93796cc338a8a63a6338d64c79419bcbe13"
dependencies = [
 "lazy_static",
]

[[package]]
name = "minimad"
version = "0.9.0"
source = "registry+https://github.com/rust-lang/crates.io-index"
checksum = "cd37b2e65fbd459544194d8f52ed84027e031684335a062c708774c09d172b0b"
dependencies = [
 "once_cell",
]

[[package]]
name = "miniz_oxide"
version = "0.3.7"
source = "registry+https://github.com/rust-lang/crates.io-index"
checksum = "791daaae1ed6889560f8c4359194f56648355540573244a5448a83ba1ecc7435"
dependencies = [
 "adler32",
]

[[package]]
name = "miniz_oxide"
version = "0.4.4"
source = "registry+https://github.com/rust-lang/crates.io-index"
checksum = "a92518e98c078586bc6c934028adcca4c92a53d6a958196de835170a01d84e4b"
dependencies = [
 "adler",
 "autocfg",
]

[[package]]
name = "mio"
version = "0.7.14"
source = "registry+https://github.com/rust-lang/crates.io-index"
checksum = "8067b404fe97c70829f082dec8bcf4f71225d7eaea1d8645349cb76fa06205cc"
dependencies = [
 "libc",
 "log",
 "miow",
 "ntapi",
 "winapi",
]

[[package]]
name = "miow"
version = "0.3.7"
source = "registry+https://github.com/rust-lang/crates.io-index"
checksum = "b9f1c5b025cda876f66ef43a113f91ebc9f4ccef34843000e0adf6ebbab84e21"
dependencies = [
 "winapi",
]

[[package]]
name = "nix"
version = "0.22.0"
source = "registry+https://github.com/rust-lang/crates.io-index"
checksum = "cf1e25ee6b412c2a1e3fcb6a4499a5c1bfe7f43e014bdce9a6b6666e5aa2d187"
dependencies = [
 "bitflags",
 "cc",
 "cfg-if",
 "libc",
 "memoffset",
]

[[package]]
name = "ntapi"
version = "0.3.6"
source = "registry+https://github.com/rust-lang/crates.io-index"
checksum = "3f6bb902e437b6d86e03cce10a7e2af662292c5dfef23b65899ea3ac9354ad44"
dependencies = [
 "winapi",
]

[[package]]
name = "num-integer"
version = "0.1.44"
source = "registry+https://github.com/rust-lang/crates.io-index"
checksum = "d2cc698a63b549a70bc047073d2949cce27cd1c7b0a4a862d08a8031bc2801db"
dependencies = [
 "autocfg",
 "num-traits",
]

[[package]]
name = "num-iter"
version = "0.1.42"
source = "registry+https://github.com/rust-lang/crates.io-index"
checksum = "b2021c8337a54d21aca0d59a92577a029af9431cb59b909b03252b9c164fad59"
dependencies = [
 "autocfg",
 "num-integer",
 "num-traits",
]

[[package]]
name = "num-rational"
version = "0.3.2"
source = "registry+https://github.com/rust-lang/crates.io-index"
checksum = "12ac428b1cb17fce6f731001d307d351ec70a6d202fc2e60f7d4c5e42d8f4f07"
dependencies = [
 "autocfg",
 "num-integer",
 "num-traits",
]

[[package]]
name = "num-traits"
version = "0.2.14"
source = "registry+https://github.com/rust-lang/crates.io-index"
checksum = "9a64b1ec5cda2586e284722486d802acf1f7dbdc623e2bfc57e65ca1cd099290"
dependencies = [
 "autocfg",
]

[[package]]
name = "num_cpus"
version = "1.13.0"
source = "registry+https://github.com/rust-lang/crates.io-index"
checksum = "05499f3756671c15885fee9034446956fff3f243d6077b91e5767df161f766b3"
dependencies = [
 "hermit-abi",
 "libc",
]

[[package]]
name = "once_cell"
version = "1.8.0"
source = "registry+https://github.com/rust-lang/crates.io-index"
checksum = "692fcb63b64b1758029e0a96ee63e049ce8c5948587f2f7208df04625e5f6b56"

[[package]]
name = "onig"
version = "6.3.1"
source = "registry+https://github.com/rust-lang/crates.io-index"
checksum = "67ddfe2c93bb389eea6e6d713306880c7f6dcc99a75b659ce145d962c861b225"
dependencies = [
 "bitflags",
 "lazy_static",
 "libc",
 "onig_sys",
]

[[package]]
name = "onig_sys"
version = "69.7.1"
source = "registry+https://github.com/rust-lang/crates.io-index"
checksum = "5dd3eee045c84695b53b20255bb7317063df090b68e18bfac0abb6c39cf7f33e"
dependencies = [
 "cc",
 "pkg-config",
]

[[package]]
name = "open"
version = "1.7.1"
source = "registry+https://github.com/rust-lang/crates.io-index"
checksum = "dcea7a30d6b81a2423cc59c43554880feff7b57d12916f231a79f8d6d9470201"
dependencies = [
 "pathdiff",
 "winapi",
]

[[package]]
name = "open"
version = "2.0.1"
source = "registry+https://github.com/rust-lang/crates.io-index"
checksum = "b46b233de7d83bc167fe43ae2dda3b5b84e80e09cceba581e4decb958a4896bf"
dependencies = [
 "pathdiff",
 "winapi",
]

[[package]]
name = "parking_lot"
version = "0.11.2"
source = "registry+https://github.com/rust-lang/crates.io-index"
checksum = "7d17b78036a60663b797adeaee46f5c9dfebb86948d1255007a1d6be0271ff99"
dependencies = [
 "instant",
 "lock_api",
 "parking_lot_core",
]

[[package]]
name = "parking_lot_core"
version = "0.8.5"
source = "registry+https://github.com/rust-lang/crates.io-index"
checksum = "d76e8e1493bcac0d2766c42737f34458f1c8c50c0d23bcb24ea953affb273216"
dependencies = [
 "cfg-if",
 "instant",
 "libc",
 "redox_syscall",
 "smallvec",
 "winapi",
]

[[package]]
name = "pathdiff"
version = "0.2.1"
source = "registry+https://github.com/rust-lang/crates.io-index"
checksum = "8835116a5c179084a830efb3adc117ab007512b535bc1a21c991d3b32a6b44dd"

[[package]]
name = "percent-encoding"
version = "2.1.0"
source = "registry+https://github.com/rust-lang/crates.io-index"
checksum = "d4fd5641d01c8f18a23da7b6fe29298ff4b55afcccdf78973b24cf3175fee32e"

[[package]]
name = "phf"
version = "0.9.0"
source = "registry+https://github.com/rust-lang/crates.io-index"
checksum = "b2ac8b67553a7ca9457ce0e526948cad581819238f4a9d1ea74545851fa24f37"
dependencies = [
 "phf_macros",
 "phf_shared",
 "proc-macro-hack",
]

[[package]]
name = "phf_generator"
version = "0.9.1"
source = "registry+https://github.com/rust-lang/crates.io-index"
checksum = "d43f3220d96e0080cc9ea234978ccd80d904eafb17be31bb0f76daaea6493082"
dependencies = [
 "phf_shared",
 "rand",
]

[[package]]
name = "phf_macros"
version = "0.9.0"
source = "registry+https://github.com/rust-lang/crates.io-index"
checksum = "b706f5936eb50ed880ae3009395b43ed19db5bff2ebd459c95e7bf013a89ab86"
dependencies = [
 "phf_generator",
 "phf_shared",
 "proc-macro-hack",
 "proc-macro2",
 "quote",
 "syn",
]

[[package]]
name = "phf_shared"
version = "0.9.0"
source = "registry+https://github.com/rust-lang/crates.io-index"
checksum = "a68318426de33640f02be62b4ae8eb1261be2efbc337b60c54d845bf4484e0d9"
dependencies = [
 "siphasher",
]

[[package]]
name = "pkg-config"
version = "0.3.22"
source = "registry+https://github.com/rust-lang/crates.io-index"
checksum = "12295df4f294471248581bc09bef3c38a5e46f1e36d6a37353621a0c6c357e1f"

[[package]]
name = "plist"
version = "1.3.1"
source = "registry+https://github.com/rust-lang/crates.io-index"
checksum = "bd39bc6cdc9355ad1dc5eeedefee696bb35c34caf21768741e81826c0bbd7225"
dependencies = [
 "base64",
 "indexmap",
 "line-wrap",
 "serde",
 "time 0.3.5",
 "xml-rs",
]

[[package]]
name = "png"
version = "0.16.8"
source = "registry+https://github.com/rust-lang/crates.io-index"
checksum = "3c3287920cb847dee3de33d301c463fba14dda99db24214ddf93f83d3021f4c6"
dependencies = [
 "bitflags",
 "crc32fast",
 "deflate",
 "miniz_oxide 0.3.7",
]

[[package]]
name = "ppv-lite86"
version = "0.2.15"
source = "registry+https://github.com/rust-lang/crates.io-index"
checksum = "ed0cfbc8191465bed66e1718596ee0b0b35d5ee1f41c5df2189d0fe8bde535ba"

[[package]]
name = "proc-macro-hack"
version = "0.5.19"
source = "registry+https://github.com/rust-lang/crates.io-index"
checksum = "dbf0c48bc1d91375ae5c3cd81e3722dff1abcf81a30960240640d223f59fe0e5"

[[package]]
name = "proc-macro2"
version = "1.0.32"
source = "registry+https://github.com/rust-lang/crates.io-index"
checksum = "ba508cc11742c0dc5c1659771673afbab7a0efab23aa17e854cbab0837ed0b43"
dependencies = [
 "unicode-xid",
]

[[package]]
name = "proc-status"
version = "0.1.1"
source = "registry+https://github.com/rust-lang/crates.io-index"
checksum = "f0e0c0ac915e7b76b47850ba4ffc377abde6c6ff9eeace61d0a89623db449712"
dependencies = [
 "thiserror",
]

[[package]]
name = "quick-xml"
version = "0.22.0"
source = "registry+https://github.com/rust-lang/crates.io-index"
checksum = "8533f14c8382aaad0d592c812ac3b826162128b65662331e1127b45c3d18536b"
dependencies = [
 "memchr",
]

[[package]]
name = "quote"
version = "1.0.10"
source = "registry+https://github.com/rust-lang/crates.io-index"
checksum = "38bc8cc6a5f2e3655e0899c1b848643b2562f853f114bfec7be120678e3ace05"
dependencies = [
 "proc-macro2",
]

[[package]]
name = "rand"
version = "0.8.4"
source = "registry+https://github.com/rust-lang/crates.io-index"
checksum = "2e7573632e6454cf6b99d7aac4ccca54be06da05aca2ef7423d22d27d4d4bcd8"
dependencies = [
 "libc",
 "rand_chacha",
 "rand_core",
 "rand_hc",
]

[[package]]
name = "rand_chacha"
version = "0.3.1"
source = "registry+https://github.com/rust-lang/crates.io-index"
checksum = "e6c10a63a0fa32252be49d21e7709d4d4baf8d231c2dbce1eaa8141b9b127d88"
dependencies = [
 "ppv-lite86",
 "rand_core",
]

[[package]]
name = "rand_core"
version = "0.6.3"
source = "registry+https://github.com/rust-lang/crates.io-index"
checksum = "d34f1408f55294453790c48b2f1ebbb1c5b4b7563eb1f418bcfcfdbb06ebb4e7"
dependencies = [
 "getrandom",
]

[[package]]
name = "rand_hc"
version = "0.3.1"
source = "registry+https://github.com/rust-lang/crates.io-index"
checksum = "d51e9f596de227fda2ea6c84607f5558e196eeaf43c986b724ba4fb8fdf497e7"
dependencies = [
 "rand_core",
]

[[package]]
name = "rayon"
version = "1.5.1"
source = "registry+https://github.com/rust-lang/crates.io-index"
checksum = "c06aca804d41dbc8ba42dfd964f0d01334eceb64314b9ecf7c5fad5188a06d90"
dependencies = [
 "autocfg",
 "crossbeam-deque",
 "either",
 "rayon-core",
]

[[package]]
name = "rayon-core"
version = "1.9.1"
source = "registry+https://github.com/rust-lang/crates.io-index"
checksum = "d78120e2c850279833f1dd3582f730c4ab53ed95aeaaaa862a2a5c71b1656d8e"
dependencies = [
 "crossbeam-channel",
 "crossbeam-deque",
 "crossbeam-utils",
 "lazy_static",
 "num_cpus",
]

[[package]]
name = "redox_syscall"
version = "0.2.10"
source = "registry+https://github.com/rust-lang/crates.io-index"
checksum = "8383f39639269cde97d255a32bdb68c047337295414940c68bdd30c2e13203ff"
dependencies = [
 "bitflags",
]

[[package]]
name = "redox_users"
version = "0.4.0"
source = "registry+https://github.com/rust-lang/crates.io-index"
checksum = "528532f3d801c87aec9def2add9ca802fe569e44a544afe633765267840abe64"
dependencies = [
 "getrandom",
 "redox_syscall",
]

[[package]]
name = "regex"
version = "1.5.4"
source = "registry+https://github.com/rust-lang/crates.io-index"
checksum = "d07a8629359eb56f1e2fb1652bb04212c072a87ba68546a04065d525673ac461"
dependencies = [
 "aho-corasick",
 "memchr",
 "regex-syntax",
]

[[package]]
name = "regex-automata"
version = "0.1.10"
source = "registry+https://github.com/rust-lang/crates.io-index"
checksum = "6c230d73fb8d8c1b9c0b3135c5142a8acee3a0558fb8db5cf1cb65f8d7862132"

[[package]]
name = "regex-syntax"
version = "0.6.25"
source = "registry+https://github.com/rust-lang/crates.io-index"
checksum = "f497285884f3fcff424ffc933e56d7cbca511def0c9831a7f9b5f6153e3cc89b"

[[package]]
name = "remove_dir_all"
version = "0.5.3"
source = "registry+https://github.com/rust-lang/crates.io-index"
checksum = "3acd125665422973a33ac9d3dd2df85edad0f4ae9b00dafb1a05e43a9f5ef8e7"
dependencies = [
 "winapi",
]

[[package]]
name = "rusqlite"
version = "0.24.2"
source = "registry+https://github.com/rust-lang/crates.io-index"
checksum = "d5f38ee71cbab2c827ec0ac24e76f82eca723cee92c509a65f67dee393c25112"
dependencies = [
 "bitflags",
 "fallible-iterator",
 "fallible-streaming-iterator",
 "hashlink",
 "libsqlite3-sys",
 "memchr",
 "smallvec",
]

[[package]]
name = "ryu"
version = "1.0.5"
source = "registry+https://github.com/rust-lang/crates.io-index"
checksum = "71d301d4193d031abdd79ff7e3dd721168a9572ef3fe51a1517aba235bd8f86e"

[[package]]
name = "safemem"
version = "0.3.3"
source = "registry+https://github.com/rust-lang/crates.io-index"
checksum = "ef703b7cb59335eae2eb93ceb664c0eb7ea6bf567079d843e09420219668e072"

[[package]]
name = "same-file"
version = "1.0.6"
source = "registry+https://github.com/rust-lang/crates.io-index"
checksum = "93fc1dc3aaa9bfed95e02e6eadabb4baf7e3078b0bd1b4d7b6b0b68378900502"
dependencies = [
 "winapi-util",
]

[[package]]
name = "scoped_threadpool"
version = "0.1.9"
source = "registry+https://github.com/rust-lang/crates.io-index"
checksum = "1d51f5df5af43ab3f1360b429fa5e0152ac5ce8c0bd6485cae490332e96846a8"

[[package]]
name = "scopeguard"
version = "1.1.0"
source = "registry+https://github.com/rust-lang/crates.io-index"
checksum = "d29ab0c6d3fc0ee92fe66e2d99f700eab17a8d57d1c1d3b748380fb20baa78cd"

[[package]]
name = "secular"
version = "1.0.1"
source = "registry+https://github.com/rust-lang/crates.io-index"
checksum = "c3dc3eccdf599b53eba8a34a1190bd47394948258d1c43dca9cceb2426e25bb5"
dependencies = [
 "unicode-normalization",
]

[[package]]
name = "serde"
version = "1.0.130"
source = "registry+https://github.com/rust-lang/crates.io-index"
checksum = "f12d06de37cf59146fbdecab66aa99f9fe4f78722e3607577a5375d66bd0c913"
dependencies = [
 "serde_derive",
]

[[package]]
name = "serde_derive"
version = "1.0.130"
source = "registry+https://github.com/rust-lang/crates.io-index"
checksum = "d7bc1a1ab1961464eae040d96713baa5a724a8152c1222492465b54322ec508b"
dependencies = [
 "proc-macro2",
 "quote",
 "syn",
]

[[package]]
name = "serde_json"
version = "1.0.71"
source = "registry+https://github.com/rust-lang/crates.io-index"
checksum = "063bf466a64011ac24040a49009724ee60a57da1b437617ceb32e53ad61bfb19"
dependencies = [
 "itoa",
 "ryu",
 "serde",
]

[[package]]
name = "signal-hook"
version = "0.1.17"
source = "registry+https://github.com/rust-lang/crates.io-index"
checksum = "7e31d442c16f047a671b5a71e2161d6e68814012b7f5379d269ebd915fac2729"
dependencies = [
 "libc",
 "mio",
 "signal-hook-registry",
]

[[package]]
name = "signal-hook"
version = "0.3.10"
source = "registry+https://github.com/rust-lang/crates.io-index"
checksum = "9c98891d737e271a2954825ef19e46bd16bdb98e2746f2eec4f7a4ef7946efd1"
dependencies = [
 "libc",
 "signal-hook-registry",
]

[[package]]
name = "signal-hook-mio"
version = "0.2.1"
source = "registry+https://github.com/rust-lang/crates.io-index"
checksum = "29fd5867f1c4f2c5be079aee7a2adf1152ebb04a4bc4d341f504b7dece607ed4"
dependencies = [
 "libc",
 "mio",
 "signal-hook 0.3.10",
]

[[package]]
name = "signal-hook-registry"
version = "1.4.0"
source = "registry+https://github.com/rust-lang/crates.io-index"
checksum = "e51e73328dc4ac0c7ccbda3a494dfa03df1de2f46018127f60c693f2648455b0"
dependencies = [
 "libc",
]

[[package]]
name = "siphasher"
version = "0.3.7"
source = "registry+https://github.com/rust-lang/crates.io-index"
checksum = "533494a8f9b724d33625ab53c6c4800f7cc445895924a8ef649222dcb76e938b"

[[package]]
name = "smallvec"
version = "1.7.0"
source = "registry+https://github.com/rust-lang/crates.io-index"
checksum = "1ecab6c735a6bb4139c0caafd0cc3635748bbb3acf4550e8138122099251f309"

[[package]]
name = "splitty"
version = "0.1.0"
source = "registry+https://github.com/rust-lang/crates.io-index"
checksum = "8190298e89d4080e9c025535f73cacec4d51ff4495819dd8fdf1ae374c75ee80"

[[package]]
name = "str-buf"
version = "1.0.5"
source = "registry+https://github.com/rust-lang/crates.io-index"
checksum = "d44a3643b4ff9caf57abcee9c2c621d6c03d9135e0d8b589bd9afb5992cb176a"

[[package]]
name = "strict"
version = "0.1.4"
source = "registry+https://github.com/rust-lang/crates.io-index"
checksum = "991af58f8bd0512b0c76abc87f8f6a8a492c314ebcd13189b426c00c95f6f0ee"

[[package]]
name = "strsim"
version = "0.8.0"
source = "registry+https://github.com/rust-lang/crates.io-index"
checksum = "8ea5119cdb4c55b55d432abb513a0429384878c15dde60cc77b1c99de1a95a6a"

[[package]]
name = "svg"
version = "0.8.2"
source = "registry+https://github.com/rust-lang/crates.io-index"
checksum = "3bdb25a4593d6656239319426f4025f7a658157e25e89f0e0319d7516d46042d"

[[package]]
name = "syn"
version = "1.0.81"
source = "registry+https://github.com/rust-lang/crates.io-index"
checksum = "f2afee18b8beb5a596ecb4a2dce128c719b4ba399d34126b9e4396e3f9860966"
dependencies = [
 "proc-macro2",
 "quote",
 "unicode-xid",
]

[[package]]
name = "syntect"
version = "4.6.0"
source = "registry+https://github.com/rust-lang/crates.io-index"
checksum = "8b20815bbe80ee0be06e6957450a841185fcf690fe0178f14d77a05ce2caa031"
dependencies = [
 "bincode",
 "bitflags",
 "flate2",
 "fnv",
 "lazy_static",
 "lazycell",
 "onig",
 "plist",
 "regex-syntax",
 "serde",
 "serde_derive",
 "serde_json",
 "walkdir",
 "yaml-rust",
]

[[package]]
name = "tempfile"
version = "3.2.0"
source = "registry+https://github.com/rust-lang/crates.io-index"
checksum = "dac1c663cfc93810f88aed9b8941d48cabf856a1b111c29a40439018d870eb22"
dependencies = [
 "cfg-if",
 "libc",
 "rand",
 "redox_syscall",
 "remove_dir_all",
 "winapi",
]

[[package]]
name = "termimad"
version = "0.10.3"
source = "registry+https://github.com/rust-lang/crates.io-index"
checksum = "1a0cc62bee46f8532b579609b5b2ad3f9dc8e9f952dc783c7c882eed0c5ed785"
dependencies = [
 "crossbeam",
 "crossterm 0.19.0",
 "lazy_static",
 "minimad 0.7.1",
 "thiserror",
 "unicode-width",
]

[[package]]
name = "termimad"
version = "0.20.0"
source = "registry+https://github.com/rust-lang/crates.io-index"
checksum = "06968d34307feb19a7ab8e5678d5b318c9021c16b0a913d76dbdef943391cf0b"
dependencies = [
 "coolor",
 "crossbeam",
 "crossterm 0.22.1",
 "minimad 0.9.0",
 "thiserror",
 "unicode-width",
]

[[package]]
name = "terminal-clipboard"
version = "0.3.1"
source = "registry+https://github.com/rust-lang/crates.io-index"
checksum = "58a7bd0c28e9221173c7d32e774bc3c5432fe788f91984dd1b78c501b5e7d1df"
dependencies = [
 "clipboard-win",
 "once_cell",
 "termux-clipboard",
 "x11-clipboard",
]

[[package]]
name = "termux-clipboard"
version = "0.1.0"
source = "registry+https://github.com/rust-lang/crates.io-index"
checksum = "9f6aff13ca3293315b94f6dbd9c69e1c958fe421c294681e2ffda80c9858e36f"

[[package]]
name = "textwrap"
version = "0.11.0"
source = "registry+https://github.com/rust-lang/crates.io-index"
checksum = "d326610f408c7a4eb6f51c37c330e496b08506c9457c9d34287ecc38809fb060"
dependencies = [
 "unicode-width",
]

[[package]]
name = "thiserror"
version = "1.0.30"
source = "registry+https://github.com/rust-lang/crates.io-index"
checksum = "854babe52e4df1653706b98fcfc05843010039b406875930a70e4d9644e5c417"
dependencies = [
 "thiserror-impl",
]

[[package]]
name = "thiserror-impl"
version = "1.0.30"
source = "registry+https://github.com/rust-lang/crates.io-index"
checksum = "aa32fd3f627f367fe16f893e2597ae3c05020f8bba2666a4e6ea73d377e5714b"
dependencies = [
 "proc-macro2",
 "quote",
 "syn",
]

[[package]]
name = "tiff"
version = "0.6.1"
source = "registry+https://github.com/rust-lang/crates.io-index"
checksum = "9a53f4706d65497df0c4349241deddf35f84cee19c87ed86ea8ca590f4464437"
dependencies = [
 "jpeg-decoder",
 "miniz_oxide 0.4.4",
 "weezl",
]

[[package]]
name = "time"
version = "0.1.43"
source = "registry+https://github.com/rust-lang/crates.io-index"
checksum = "ca8a50ef2360fbd1eeb0ecd46795a87a19024eb4b53c5dc916ca1fd95fe62438"
dependencies = [
 "libc",
 "winapi",
]

[[package]]
name = "time"
version = "0.3.5"
source = "registry+https://github.com/rust-lang/crates.io-index"
checksum = "41effe7cfa8af36f439fac33861b66b049edc6f9a32331e2312660529c1c24ad"
dependencies = [
 "itoa",
 "libc",
]

[[package]]
name = "tinyvec"
version = "1.5.1"
source = "registry+https://github.com/rust-lang/crates.io-index"
checksum = "2c1c1d5a42b6245520c249549ec267180beaffcc0615401ac8e31853d4b6d8d2"
dependencies = [
 "tinyvec_macros",
]

[[package]]
name = "tinyvec_macros"
version = "0.1.0"
source = "registry+https://github.com/rust-lang/crates.io-index"
checksum = "cda74da7e1a664f795bb1f8a87ec406fb89a02522cf6e50620d016add6dbbf5c"

[[package]]
name = "toml"
version = "0.5.8"
source = "registry+https://github.com/rust-lang/crates.io-index"
checksum = "a31142970826733df8241ef35dc040ef98c679ab14d7c3e54d827099b3acecaa"
dependencies = [
 "serde",
]

[[package]]
name = "umask"
version = "1.0.0"
source = "registry+https://github.com/rust-lang/crates.io-index"
checksum = "982efbf70ec4d28f7862062c03dd1a4def601a5079e0faf1edc55f2ad0f6fe46"

[[package]]
name = "unicode-bidi"
version = "0.3.7"
source = "registry+https://github.com/rust-lang/crates.io-index"
checksum = "1a01404663e3db436ed2746d9fefef640d868edae3cceb81c3b8d5732fda678f"

[[package]]
name = "unicode-normalization"
version = "0.1.19"
source = "registry+https://github.com/rust-lang/crates.io-index"
checksum = "d54590932941a9e9266f0832deed84ebe1bf2e4c9e4a3554d393d18f5e854bf9"
dependencies = [
 "tinyvec",
]

[[package]]
name = "unicode-segmentation"
version = "1.8.0"
source = "registry+https://github.com/rust-lang/crates.io-index"
checksum = "8895849a949e7845e06bd6dc1aa51731a103c42707010a5b591c0038fb73385b"

[[package]]
name = "unicode-width"
version = "0.1.9"
source = "registry+https://github.com/rust-lang/crates.io-index"
checksum = "3ed742d4ea2bd1176e236172c8429aaf54486e7ac098db29ffe6529e0ce50973"

[[package]]
name = "unicode-xid"
version = "0.2.2"
source = "registry+https://github.com/rust-lang/crates.io-index"
checksum = "8ccb82d61f80a663efe1f787a51b16b5a51e3314d6ac365b08639f52387b33f3"

[[package]]
name = "url"
version = "2.2.2"
source = "registry+https://github.com/rust-lang/crates.io-index"
checksum = "a507c383b2d33b5fc35d1861e77e6b383d158b2da5e14fe51b83dfedf6fd578c"
dependencies = [
 "form_urlencoded",
 "idna",
 "matches",
 "percent-encoding",
]

[[package]]
name = "users"
version = "0.11.0"
source = "registry+https://github.com/rust-lang/crates.io-index"
checksum = "24cc0f6d6f267b73e5a2cadf007ba8f9bc39c6a6f9666f8cf25ea809a153b032"
dependencies = [
 "libc",
 "log",
]

[[package]]
name = "vcpkg"
version = "0.2.15"
source = "registry+https://github.com/rust-lang/crates.io-index"
checksum = "accd4ea62f7bb7a82fe23066fb0957d48ef677f6eeb8215f372f52e48bb32426"

[[package]]
name = "vec_map"
version = "0.8.2"
source = "registry+https://github.com/rust-lang/crates.io-index"
checksum = "f1bddf1187be692e79c5ffeab891132dfb0f236ed36a43c7ed39f1165ee20191"

[[package]]
name = "version_check"
version = "0.9.3"
source = "registry+https://github.com/rust-lang/crates.io-index"
checksum = "5fecdca9a5291cc2b8dcf7dc02453fee791a280f3743cb0905f8822ae463b3fe"

[[package]]
name = "walkdir"
version = "2.3.2"
source = "registry+https://github.com/rust-lang/crates.io-index"
checksum = "808cf2735cd4b6866113f648b791c6adc5714537bc222d9347bb203386ffda56"
dependencies = [
 "same-file",
 "winapi",
 "winapi-util",
]

[[package]]
name = "wasi"
version = "0.10.2+wasi-snapshot-preview1"
source = "registry+https://github.com/rust-lang/crates.io-index"
checksum = "fd6fbd9a79829dd1ad0cc20627bf1ed606756a7f77edff7b66b7064f9cb327c6"

[[package]]
name = "weezl"
version = "0.1.5"
source = "registry+https://github.com/rust-lang/crates.io-index"
checksum = "d8b77fdfd5a253be4ab714e4ffa3c49caf146b4de743e97510c0656cf90f1e8e"

[[package]]
name = "winapi"
version = "0.3.9"
source = "registry+https://github.com/rust-lang/crates.io-index"
checksum = "5c839a674fcd7a98952e593242ea400abe93992746761e38641405d28b00f419"
dependencies = [
 "winapi-i686-pc-windows-gnu",
 "winapi-x86_64-pc-windows-gnu",
]

[[package]]
name = "winapi-i686-pc-windows-gnu"
version = "0.4.0"
source = "registry+https://github.com/rust-lang/crates.io-index"
checksum = "ac3b87c63620426dd9b991e5ce0329eff545bccbbb34f3be09ff6fb6ab51b7b6"

[[package]]
name = "winapi-util"
version = "0.1.5"
source = "registry+https://github.com/rust-lang/crates.io-index"
checksum = "70ec6ce85bb158151cae5e5c87f95a8e97d2c0c4b001223f33a334e3ce5de178"
dependencies = [
 "winapi",
]

[[package]]
name = "winapi-x86_64-pc-windows-gnu"
version = "0.4.0"
source = "registry+https://github.com/rust-lang/crates.io-index"
checksum = "712e227841d057c1ee1cd2fb22fa7e5a5461ae8e48fa2ca79ec42cfc1931183f"

[[package]]
name = "x11-clipboard"
version = "0.5.3"
source = "registry+https://github.com/rust-lang/crates.io-index"
checksum = "473068b7b80ac86a18328824f1054e5e007898c47b5bbc281bd7abe32bc3653c"
dependencies = [
 "xcb",
]

[[package]]
name = "xcb"
version = "0.10.1"
source = "registry+https://github.com/rust-lang/crates.io-index"
checksum = "771e2b996df720cd1c6dd9ff90f62d91698fd3610cc078388d0564bdd6622a9c"
dependencies = [
 "libc",
 "log",
 "quick-xml",
]

[[package]]
name = "xml-rs"
version = "0.8.4"
source = "registry+https://github.com/rust-lang/crates.io-index"
checksum = "d2d7d3948613f75c98fd9328cfdcc45acc4d360655289d0a7d4ec931392200a3"

[[package]]
name = "xterm-query"
version = "0.1.0"
source = "registry+https://github.com/rust-lang/crates.io-index"
checksum = "fcf3ae9267e2d939a754366532ed14fc9c4eeb08eb4f51884c3036c85e9120b4"
dependencies = [
 "nix",
 "thiserror",
]

[[package]]
name = "yaml-rust"
version = "0.4.5"
source = "registry+https://github.com/rust-lang/crates.io-index"
checksum = "56c1936c4cc7a1c9ab21a1ebb602eb942ba868cbd44a99cb7cdc5892335e1c85"
dependencies = [
 "linked-hash-map",
]
